
Microsoft Visual Studio Solution File, Format Version 12.00
# Visual Studio Version 17
VisualStudioVersion = 17.13.35931.197 d17.13
MinimumVisualStudioVersion = 10.0.40219.1
Project("{FAE04EC0-301F-11D3-BF4B-00C04F79EFBC}") = "BDS", "BDS.csproj", "{6A8B94FD-99C5-4DE1-A405-737AE5E34DA1}"
EndProject
Global
	GlobalSection(SolutionConfigurationPlatforms) = preSolution
		Debug|Any CPU = Debug|Any CPU
		Release|Any CPU = Release|Any CPU
	EndGlobalSection
	GlobalSection(ProjectConfigurationPlatforms) = postSolution
		{6A8B94FD-99C5-4DE1-A405-737AE5E34DA1}.Debug|Any CPU.ActiveCfg = Debug|Any CPU
		{6A8B94FD-99C5-4DE1-A405-737AE5E34DA1}.Debug|Any CPU.Build.0 = Debug|Any CPU
		{6A8B94FD-99C5-4DE1-A405-737AE5E34DA1}.Release|Any CPU.ActiveCfg = Release|Any CPU
		{6A8B94FD-99C5-4DE1-A405-737AE5E34DA1}.Release|Any CPU.Build.0 = Release|Any CPU
	EndGlobalSection
	GlobalSection(SolutionProperties) = preSolution
		HideSolutionNode = FALSE
	EndGlobalSection
	GlobalSection(ExtensibilityGlobals) = postSolution
		SolutionGuid = {6478A568-2B84-4D40-9076-F4469B4BBF3A}
	EndGlobalSection
EndGlobal
